
Microsoft Visual Studio Solution File, Format Version 12.00
# Visual Studio Version 16
VisualStudioVersion = 16.0.31112.23
MinimumVisualStudioVersion = 10.0.40219.1
Project("{FAE04EC0-301F-11D3-BF4B-00C04F79EFBC}") = "dortam_mobile.Android", "dortam_mobile\dortam_mobile.Android\dortam_mobile.Android.csproj", "{8612156B-5FE8-43EB-AFC1-EA45F98061E6}"
EndProject
Project("{FAE04EC0-301F-11D3-BF4B-00C04F79EFBC}") = "dortam_mobile.iOS", "dortam_mobile\dortam_mobile.iOS\dortam_mobile.iOS.csproj", "{5A658905-2F1D-4314-8A14-0FF221233580}"
EndProject
Project("{FAE04EC0-301F-11D3-BF4B-00C04F79EFBC}") = "dortam_mobile", "dortam_mobile\dortam_mobile\dortam_mobile.csproj", "{01019682-541C-43DE-BAF7-9F98423D61B8}"
EndProject
Global
	GlobalSection(SolutionConfigurationPlatforms) = preSolution
		Debug|Any CPU = Debug|Any CPU
		Debug|iPhone = Debug|iPhone
		Debug|iPhoneSimulator = Debug|iPhoneSimulator
		Release|Any CPU = Release|Any CPU
		Release|iPhone = Release|iPhone
		Release|iPhoneSimulator = Release|iPhoneSimulator
	EndGlobalSection
	GlobalSection(ProjectConfigurationPlatforms) = postSolution
		{8612156B-5FE8-43EB-AFC1-EA45F98061E6}.Debug|Any CPU.ActiveCfg = Debug|Any CPU
		{8612156B-5FE8-43EB-AFC1-EA45F98061E6}.Debug|Any CPU.Build.0 = Debug|Any CPU
		{8612156B-5FE8-43EB-AFC1-EA45F98061E6}.Debug|Any CPU.Deploy.0 = Debug|Any CPU
		{8612156B-5FE8-43EB-AFC1-EA45F98061E6}.Debug|iPhone.ActiveCfg = Debug|Any CPU
		{8612156B-5FE8-43EB-AFC1-EA45F98061E6}.Debug|iPhone.Build.0 = Debug|Any CPU
		{8612156B-5FE8-43EB-AFC1-EA45F98061E6}.Debug|iPhone.Deploy.0 = Debug|Any CPU
		{8612156B-5FE8-43EB-AFC1-EA45F98061E6}.Debug|iPhoneSimulator.ActiveCfg = Debug|Any CPU
		{8612156B-5FE8-43EB-AFC1-EA45F98061E6}.Debug|iPhoneSimulator.Build.0 = Debug|Any CPU
		{8612156B-5FE8-43EB-AFC1-EA45F98061E6}.Debug|iPhoneSimulator.Deploy.0 = Debug|Any CPU
		{8612156B-5FE8-43EB-AFC1-EA45F98061E6}.Release|Any CPU.ActiveCfg = Release|Any CPU
		{8612156B-5FE8-43EB-AFC1-EA45F98061E6}.Release|Any CPU.Build.0 = Release|Any CPU
		{8612156B-5FE8-43EB-AFC1-EA45F98061E6}.Release|Any CPU.Deploy.0 = Release|Any CPU
		{8612156B-5FE8-43EB-AFC1-EA45F98061E6}.Release|iPhone.ActiveCfg = Release|Any CPU
		{8612156B-5FE8-43EB-AFC1-EA45F98061E6}.Release|iPhone.Build.0 = Release|Any CPU
		{8612156B-5FE8-43EB-AFC1-EA45F98061E6}.Release|iPhone.Deploy.0 = Release|Any CPU
		{8612156B-5FE8-43EB-AFC1-EA45F98061E6}.Release|iPhoneSimulator.ActiveCfg = Release|Any CPU
		{8612156B-5FE8-43EB-AFC1-EA45F98061E6}.Release|iPhoneSimulator.Build.0 = Release|Any CPU
		{8612156B-5FE8-43EB-AFC1-EA45F98061E6}.Release|iPhoneSimulator.Deploy.0 = Release|Any CPU
		{5A658905-2F1D-4314-8A14-0FF221233580}.Debug|Any CPU.ActiveCfg = Debug|iPhone
		{5A658905-2F1D-4314-8A14-0FF221233580}.Debug|Any CPU.Build.0 = Debug|iPhone
		{5A658905-2F1D-4314-8A14-0FF221233580}.Debug|Any CPU.Deploy.0 = Debug|iPhone
		{5A658905-2F1D-4314-8A14-0FF221233580}.Debug|iPhone.ActiveCfg = Debug|iPhone
		{5A658905-2F1D-4314-8A14-0FF221233580}.Debug|iPhone.Build.0 = Debug|iPhone
		{5A658905-2F1D-4314-8A14-0FF221233580}.Debug|iPhone.Deploy.0 = Debug|iPhone
		{5A658905-2F1D-4314-8A14-0FF221233580}.Debug|iPhoneSimulator.ActiveCfg = Debug|iPhoneSimulator
		{5A658905-2F1D-4314-8A14-0FF221233580}.Debug|iPhoneSimulator.Build.0 = Debug|iPhoneSimulator
		{5A658905-2F1D-4314-8A14-0FF221233580}.Debug|iPhoneSimulator.Deploy.0 = Debug|iPhoneSimulator
		{5A658905-2F1D-4314-8A14-0FF221233580}.Release|Any CPU.ActiveCfg = Release|iPhoneSimulator
		{5A658905-2F1D-4314-8A14-0FF221233580}.Release|Any CPU.Build.0 = Release|iPhoneSimulator
		{5A658905-2F1D-4314-8A14-0FF221233580}.Release|Any CPU.Deploy.0 = Release|iPhoneSimulator
		{5A658905-2F1D-4314-8A14-0FF221233580}.Release|iPhone.ActiveCfg = Release|iPhone
		{5A658905-2F1D-4314-8A14-0FF221233580}.Release|iPhone.Build.0 = Release|iPhone
		{5A658905-2F1D-4314-8A14-0FF221233580}.Release|iPhone.Deploy.0 = Release|iPhone
		{5A658905-2F1D-4314-8A14-0FF221233580}.Release|iPhoneSimulator.ActiveCfg = Release|iPhoneSimulator
		{5A658905-2F1D-4314-8A14-0FF221233580}.Release|iPhoneSimulator.Build.0 = Release|iPhoneSimulator
		{5A658905-2F1D-4314-8A14-0FF221233580}.Release|iPhoneSimulator.Deploy.0 = Release|iPhoneSimulator
		{01019682-541C-43DE-BAF7-9F98423D61B8}.Debug|Any CPU.ActiveCfg = Debug|Any CPU
		{01019682-541C-43DE-BAF7-9F98423D61B8}.Debug|Any CPU.Build.0 = Debug|Any CPU
		{01019682-541C-43DE-BAF7-9F98423D61B8}.Debug|Any CPU.Deploy.0 = Debug|Any CPU
		{01019682-541C-43DE-BAF7-9F98423D61B8}.Debug|iPhone.ActiveCfg = Debug|Any CPU
		{01019682-541C-43DE-BAF7-9F98423D61B8}.Debug|iPhone.Build.0 = Debug|Any CPU
		{01019682-541C-43DE-BAF7-9F98423D61B8}.Debug|iPhone.Deploy.0 = Debug|Any CPU
		{01019682-541C-43DE-BAF7-9F98423D61B8}.Debug|iPhoneSimulator.ActiveCfg = Debug|Any CPU
		{01019682-541C-43DE-BAF7-9F98423D61B8}.Debug|iPhoneSimulator.Build.0 = Debug|Any CPU
		{01019682-541C-43DE-BAF7-9F98423D61B8}.Debug|iPhoneSimulator.Deploy.0 = Debug|Any CPU
		{01019682-541C-43DE-BAF7-9F98423D61B8}.Release|Any CPU.ActiveCfg = Release|Any CPU
		{01019682-541C-43DE-BAF7-9F98423D61B8}.Release|Any CPU.Build.0 = Release|Any CPU
		{01019682-541C-43DE-BAF7-9F98423D61B8}.Release|Any CPU.Deploy.0 = Release|Any CPU
		{01019682-541C-43DE-BAF7-9F98423D61B8}.Release|iPhone.ActiveCfg = Release|Any CPU
		{01019682-541C-43DE-BAF7-9F98423D61B8}.Release|iPhone.Build.0 = Release|Any CPU
		{01019682-541C-43DE-BAF7-9F98423D61B8}.Release|iPhone.Deploy.0 = Release|Any CPU
		{01019682-541C-43DE-BAF7-9F98423D61B8}.Release|iPhoneSimulator.ActiveCfg = Release|Any CPU
		{01019682-541C-43DE-BAF7-9F98423D61B8}.Release|iPhoneSimulator.Build.0 = Release|Any CPU
		{01019682-541C-43DE-BAF7-9F98423D61B8}.Release|iPhoneSimulator.Deploy.0 = Release|Any CPU
	EndGlobalSection
	GlobalSection(SolutionProperties) = preSolution
		HideSolutionNode = FALSE
	EndGlobalSection
	GlobalSection(ExtensibilityGlobals) = postSolution
		SolutionGuid = {AF90E035-4F23-471A-8F83-B561051D4759}
	EndGlobalSection
EndGlobal
